// !$*UTF8*$!
{
	archiveVersion = 1;
	classes = {
	};
	objectVersion = 46;
	objects = {

/* Begin PBXBuildFile section */
		761DC9115BAD3A5582053B8B /* libPods-UIDeviceIdentifierObjC.a in Frameworks */ = {isa = PBXBuildFile; fileRef = 04845DB094912380B0BF37C7 /* libPods-UIDeviceIdentifierObjC.a */; };
		C8829F131C297DEE00CE01AF /* main.m in Sources */ = {isa = PBXBuildFile; fileRef = C8829F121C297DEE00CE01AF /* main.m */; };
		C8829F161C297DEE00CE01AF /* AppDelegate.m in Sources */ = {isa = PBXBuildFile; fileRef = C8829F151C297DEE00CE01AF /* AppDelegate.m */; };
		C8829F191C297DEE00CE01AF /* ViewController.m in Sources */ = {isa = PBXBuildFile; fileRef = C8829F181C297DEE00CE01AF /* ViewController.m */; };
		C8829F1C1C297DEE00CE01AF /* Main.storyboard in Resources */ = {isa = PBXBuildFile; fileRef = C8829F1A1C297DEE00CE01AF /* Main.storyboard */; };
		C8829F1E1C297DEE00CE01AF /* Assets.xcassets in Resources */ = {isa = PBXBuildFile; fileRef = C8829F1D1C297DEE00CE01AF /* Assets.xcassets */; };
		C8829F211C297DEE00CE01AF /* LaunchScreen.storyboard in Resources */ = {isa = PBXBuildFile; fileRef = C8829F1F1C297DEE00CE01AF /* LaunchScreen.storyboard */; };
		C8829F2C1C297DEF00CE01AF /* UIDeviceIdentifierObjCTests.m in Sources */ = {isa = PBXBuildFile; fileRef = C8829F2B1C297DEF00CE01AF /* UIDeviceIdentifierObjCTests.m */; };
/* End PBXBuildFile section */

/* Begin PBXContainerItemProxy section */
		C8829F281C297DEF00CE01AF /* PBXContainerItemProxy */ = {
			isa = PBXContainerItemProxy;
			containerPortal = C8829F061C297DEE00CE01AF /* Project object */;
			proxyType = 1;
			remoteGlobalIDString = C8829F0D1C297DEE00CE01AF;
			remoteInfo = UIDeviceIdentifier;
		};
/* End PBXContainerItemProxy section */

/* Begin PBXFileReference section */
		04845DB094912380B0BF37C7 /* libPods-UIDeviceIdentifierObjC.a */ = {isa = PBXFileReference; explicitFileType = archive.ar; includeInIndex = 0; path = "libPods-UIDeviceIdentifierObjC.a"; sourceTree = BUILT_PRODUCTS_DIR; };
		29322A7720FC66F98955EF0E /* Pods-UIDeviceIdentifierObjC.debug.xcconfig */ = {isa = PBXFileReference; includeInIndex = 1; lastKnownFileType = text.xcconfig; name = "Pods-UIDeviceIdentifierObjC.debug.xcconfig"; path = "Pods/Target Support Files/Pods-UIDeviceIdentifierObjC/Pods-UIDeviceIdentifierObjC.debug.xcconfig"; sourceTree = "<group>"; };
		C8829F0E1C297DEE00CE01AF /* UIDeviceIdentifierObjC.app */ = {isa = PBXFileReference; explicitFileType = wrapper.application; includeInIndex = 0; path = UIDeviceIdentifierObjC.app; sourceTree = BUILT_PRODUCTS_DIR; };
		C8829F121C297DEE00CE01AF /* main.m */ = {isa = PBXFileReference; lastKnownFileType = sourcecode.c.objc; path = main.m; sourceTree = "<group>"; };
		C8829F141C297DEE00CE01AF /* AppDelegate.h */ = {isa = PBXFileReference; lastKnownFileType = sourcecode.c.h; path = AppDelegate.h; sourceTree = "<group>"; };
		C8829F151C297DEE00CE01AF /* AppDelegate.m */ = {isa = PBXFileReference; lastKnownFileType = sourcecode.c.objc; path = AppDelegate.m; sourceTree = "<group>"; };
		C8829F171C297DEE00CE01AF /* ViewController.h */ = {isa = PBXFileReference; lastKnownFileType = sourcecode.c.h; path = ViewController.h; sourceTree = "<group>"; };
		C8829F181C297DEE00CE01AF /* ViewController.m */ = {isa = PBXFileReference; lastKnownFileType = sourcecode.c.objc; path = ViewController.m; sourceTree = "<group>"; };
		C8829F1B1C297DEE00CE01AF /* Base */ = {isa = PBXFileReference; lastKnownFileType = file.storyboard; name = Base; path = Base.lproj/Main.storyboard; sourceTree = "<group>"; };
		C8829F1D1C297DEE00CE01AF /* Assets.xcassets */ = {isa = PBXFileReference; lastKnownFileType = folder.assetcatalog; path = Assets.xcassets; sourceTree = "<group>"; };
		C8829F201C297DEE00CE01AF /* Base */ = {isa = PBXFileReference; lastKnownFileType = file.storyboard; name = Base; path = Base.lproj/LaunchScreen.storyboard; sourceTree = "<group>"; };
		C8829F221C297DEE00CE01AF /* Info.plist */ = {isa = PBXFileReference; lastKnownFileType = text.plist.xml; path = Info.plist; sourceTree = "<group>"; };
		C8829F271C297DEF00CE01AF /* UIDeviceIdentifierObjC.xctest */ = {isa = PBXFileReference; explicitFileType = wrapper.cfbundle; includeInIndex = 0; path = UIDeviceIdentifierObjC.xctest; sourceTree = BUILT_PRODUCTS_DIR; };
		C8829F2B1C297DEF00CE01AF /* UIDeviceIdentifierObjCTests.m */ = {isa = PBXFileReference; lastKnownFileType = sourcecode.c.objc; path = UIDeviceIdentifierObjCTests.m; sourceTree = "<group>"; };
		C8829F2D1C297DEF00CE01AF /* Info.plist */ = {isa = PBXFileReference; lastKnownFileType = text.plist.xml; path = Info.plist; sourceTree = "<group>"; };
		CFF465FB8866C929CD36BB87 /* Pods-UIDeviceIdentifierObjC.release.xcconfig */ = {isa = PBXFileReference; includeInIndex = 1; lastKnownFileType = text.xcconfig; name = "Pods-UIDeviceIdentifierObjC.release.xcconfig"; path = "Pods/Target Support Files/Pods-UIDeviceIdentifierObjC/Pods-UIDeviceIdentifierObjC.release.xcconfig"; sourceTree = "<group>"; };
/* End PBXFileReference section */

/* Begin PBXFrameworksBuildPhase section */
		C8829F0B1C297DEE00CE01AF /* Frameworks */ = {
			isa = PBXFrameworksBuildPhase;
			buildActionMask = 2147483647;
			files = (
				761DC9115BAD3A5582053B8B /* libPods-UIDeviceIdentifierObjC.a in Frameworks */,
			);
			runOnlyForDeploymentPostprocessing = 0;
		};
		C8829F241C297DEF00CE01AF /* Frameworks */ = {
			isa = PBXFrameworksBuildPhase;
			buildActionMask = 2147483647;
			files = (
			);
			runOnlyForDeploymentPostprocessing = 0;
		};
/* End PBXFrameworksBuildPhase section */

/* Begin PBXGroup section */
		04C858C0986B06A69BA4C226 /* Pods */ = {
			isa = PBXGroup;
			children = (
				29322A7720FC66F98955EF0E /* Pods-UIDeviceIdentifierObjC.debug.xcconfig */,
				CFF465FB8866C929CD36BB87 /* Pods-UIDeviceIdentifierObjC.release.xcconfig */,
			);
			name = Pods;
			sourceTree = "<group>";
		};
		C8829F051C297DEE00CE01AF = {
			isa = PBXGroup;
			children = (
				C8829F101C297DEE00CE01AF /* UIDeviceIdentifierObjC */,
				C8829F2A1C297DEF00CE01AF /* UIDeviceIdentifierObjCTests */,
				C8829F0F1C297DEE00CE01AF /* Products */,
				04C858C0986B06A69BA4C226 /* Pods */,
				D7AB9F418B774FB02D47D06A /* Frameworks */,
			);
			sourceTree = "<group>";
		};
		C8829F0F1C297DEE00CE01AF /* Products */ = {
			isa = PBXGroup;
			children = (
				C8829F0E1C297DEE00CE01AF /* UIDeviceIdentifierObjC.app */,
				C8829F271C297DEF00CE01AF /* UIDeviceIdentifierObjC.xctest */,
			);
			name = Products;
			sourceTree = "<group>";
		};
		C8829F101C297DEE00CE01AF /* UIDeviceIdentifierObjC */ = {
			isa = PBXGroup;
			children = (
				C8829F141C297DEE00CE01AF /* AppDelegate.h */,
				C8829F151C297DEE00CE01AF /* AppDelegate.m */,
				C8829F171C297DEE00CE01AF /* ViewController.h */,
				C8829F181C297DEE00CE01AF /* ViewController.m */,
				C8829F1A1C297DEE00CE01AF /* Main.storyboard */,
				C8829F1D1C297DEE00CE01AF /* Assets.xcassets */,
				C8829F1F1C297DEE00CE01AF /* LaunchScreen.storyboard */,
				C8829F221C297DEE00CE01AF /* Info.plist */,
				C8829F111C297DEE00CE01AF /* Supporting Files */,
			);
			path = UIDeviceIdentifierObjC;
			sourceTree = "<group>";
		};
		C8829F111C297DEE00CE01AF /* Supporting Files */ = {
			isa = PBXGroup;
			children = (
				C8829F121C297DEE00CE01AF /* main.m */,
			);
			name = "Supporting Files";
			sourceTree = "<group>";
		};
		C8829F2A1C297DEF00CE01AF /* UIDeviceIdentifierObjCTests */ = {
			isa = PBXGroup;
			children = (
				C8829F2B1C297DEF00CE01AF /* UIDeviceIdentifierObjCTests.m */,
				C8829F2D1C297DEF00CE01AF /* Info.plist */,
			);
			path = UIDeviceIdentifierObjCTests;
			sourceTree = "<group>";
		};
		D7AB9F418B774FB02D47D06A /* Frameworks */ = {
			isa = PBXGroup;
			children = (
				04845DB094912380B0BF37C7 /* libPods-UIDeviceIdentifierObjC.a */,
			);
			name = Frameworks;
			sourceTree = "<group>";
		};
/* End PBXGroup section */

/* Begin PBXNativeTarget section */
		C8829F0D1C297DEE00CE01AF /* UIDeviceIdentifierObjC */ = {
			isa = PBXNativeTarget;
			buildConfigurationList = C8829F301C297DEF00CE01AF /* Build configuration list for PBXNativeTarget "UIDeviceIdentifierObjC" */;
			buildPhases = (
				F66614E8CEB39A206FB26C52 /* Check Pods Manifest.lock */,
				C8829F0A1C297DEE00CE01AF /* Sources */,
				C8829F0B1C297DEE00CE01AF /* Frameworks */,
				C8829F0C1C297DEE00CE01AF /* Resources */,
				2E4E4ADDABDA005DEA55314C /* Embed Pods Frameworks */,
				018787D7465B804690798EDF /* Copy Pods Resources */,
			);
			buildRules = (
			);
			dependencies = (
			);
			name = UIDeviceIdentifierObjC;
			productName = UIDeviceIdentifier;
			productReference = C8829F0E1C297DEE00CE01AF /* UIDeviceIdentifierObjC.app */;
			productType = "com.apple.product-type.application";
		};
		C8829F261C297DEF00CE01AF /* UIDeviceIdentifierObjCTests */ = {
			isa = PBXNativeTarget;
			buildConfigurationList = C8829F331C297DEF00CE01AF /* Build configuration list for PBXNativeTarget "UIDeviceIdentifierObjCTests" */;
			buildPhases = (
				C8829F231C297DEF00CE01AF /* Sources */,
				C8829F241C297DEF00CE01AF /* Frameworks */,
				C8829F251C297DEF00CE01AF /* Resources */,
			);
			buildRules = (
			);
			dependencies = (
				C8829F291C297DEF00CE01AF /* PBXTargetDependency */,
			);
			name = UIDeviceIdentifierObjCTests;
			productName = UIDeviceIdentifierTests;
			productReference = C8829F271C297DEF00CE01AF /* UIDeviceIdentifierObjC.xctest */;
			productType = "com.apple.product-type.bundle.unit-test";
		};
/* End PBXNativeTarget section */

/* Begin PBXProject section */
		C8829F061C297DEE00CE01AF /* Project object */ = {
			isa = PBXProject;
			attributes = {
				LastUpgradeCheck = 0720;
				TargetAttributes = {
					C8829F0D1C297DEE00CE01AF = {
						CreatedOnToolsVersion = 7.2;
					};
					C8829F261C297DEF00CE01AF = {
						CreatedOnToolsVersion = 7.2;
						TestTargetID = C8829F0D1C297DEE00CE01AF;
					};
				};
			};
			buildConfigurationList = C8829F091C297DEE00CE01AF /* Build configuration list for PBXProject "UIDeviceIdentifierObjC" */;
			compatibilityVersion = "Xcode 3.2";
			developmentRegion = English;
			hasScannedForEncodings = 0;
			knownRegions = (
				en,
				Base,
			);
			mainGroup = C8829F051C297DEE00CE01AF;
			productRefGroup = C8829F0F1C297DEE00CE01AF /* Products */;
			projectDirPath = "";
			projectRoot = "";
			targets = (
				C8829F0D1C297DEE00CE01AF /* UIDeviceIdentifierObjC */,
				C8829F261C297DEF00CE01AF /* UIDeviceIdentifierObjCTests */,
			);
		};
/* End PBXProject section */

/* Begin PBXResourcesBuildPhase section */
		C8829F0C1C297DEE00CE01AF /* Resources */ = {
			isa = PBXResourcesBuildPhase;
			buildActionMask = 2147483647;
			files = (
				C8829F211C297DEE00CE01AF /* LaunchScreen.storyboard in Resources */,
				C8829F1E1C297DEE00CE01AF /* Assets.xcassets in Resources */,
				C8829F1C1C297DEE00CE01AF /* Main.storyboard in Resources */,
			);
			runOnlyForDeploymentPostprocessing = 0;
		};
		C8829F251C297DEF00CE01AF /* Resources */ = {
			isa = PBXResourcesBuildPhase;
			buildActionMask = 2147483647;
			files = (
			);
			runOnlyForDeploymentPostprocessing = 0;
		};
/* End PBXResourcesBuildPhase section */

/* Begin PBXShellScriptBuildPhase section */
		018787D7465B804690798EDF /* Copy Pods Resources */ = {
			isa = PBXShellScriptBuildPhase;
			buildActionMask = 2147483647;
			files = (
			);
			inputPaths = (
			);
			name = "Copy Pods Resources";
			outputPaths = (
			);
			runOnlyForDeploymentPostprocessing = 0;
			shellPath = /bin/sh;
			shellScript = "\"${SRCROOT}/Pods/Target Support Files/Pods-UIDeviceIdentifierObjC/Pods-UIDeviceIdentifierObjC-resources.sh\"\n";
			showEnvVarsInLog = 0;
		};
		2E4E4ADDABDA005DEA55314C /* Embed Pods Frameworks */ = {
			isa = PBXShellScriptBuildPhase;
			buildActionMask = 2147483647;
			files = (
			);
			inputPaths = (
			);
			name = "Embed Pods Frameworks";
			outputPaths = (
			);
			runOnlyForDeploymentPostprocessing = 0;
			shellPath = /bin/sh;
			shellScript = "\"${SRCROOT}/Pods/Target Support Files/Pods-UIDeviceIdentifierObjC/Pods-UIDeviceIdentifierObjC-frameworks.sh\"\n";
			showEnvVarsInLog = 0;
		};
		F66614E8CEB39A206FB26C52 /* Check Pods Manifest.lock */ = {
			isa = PBXShellScriptBuildPhase;
			buildActionMask = 2147483647;
			files = (
			);
			inputPaths = (
			);
			name = "Check Pods Manifest.lock";
			outputPaths = (
			);
			runOnlyForDeploymentPostprocessing = 0;
			shellPath = /bin/sh;
			shellScript = "diff \"${PODS_ROOT}/../Podfile.lock\" \"${PODS_ROOT}/Manifest.lock\" > /dev/null\nif [[ $? != 0 ]] ; then\n    cat << EOM\nerror: The sandbox is not in sync with the Podfile.lock. Run 'pod install' or update your CocoaPods installation.\nEOM\n    exit 1\nfi\n";
			showEnvVarsInLog = 0;
		};
/* End PBXShellScriptBuildPhase section */

/* Begin PBXSourcesBuildPhase section */
		C8829F0A1C297DEE00CE01AF /* Sources */ = {
			isa = PBXSourcesBuildPhase;
			buildActionMask = 2147483647;
			files = (
				C8829F191C297DEE00CE01AF /* ViewController.m in Sources */,
				C8829F161C297DEE00CE01AF /* AppDelegate.m in Sources */,
				C8829F131C297DEE00CE01AF /* main.m in Sources */,
			);
			runOnlyForDeploymentPostprocessing = 0;
		};
		C8829F231C297DEF00CE01AF /* Sources */ = {
			isa = PBXSourcesBuildPhase;
			buildActionMask = 2147483647;
			files = (
				C8829F2C1C297DEF00CE01AF /* UIDeviceIdentifierObjCTests.m in Sources */,
			);
			runOnlyForDeploymentPostprocessing = 0;
		};
/* End PBXSourcesBuildPhase section */

/* Begin PBXTargetDependency section */
		C8829F291C297DEF00CE01AF /* PBXTargetDependency */ = {
			isa = PBXTargetDependency;
			target = C8829F0D1C297DEE00CE01AF /* UIDeviceIdentifierObjC */;
			targetProxy = C8829F281C297DEF00CE01AF /* PBXContainerItemProxy */;
		};
/* End PBXTargetDependency section */

/* Begin PBXVariantGroup section */
		C8829F1A1C297DEE00CE01AF /* Main.storyboard */ = {
			isa = PBXVariantGroup;
			children = (
				C8829F1B1C297DEE00CE01AF /* Base */,
			);
			name = Main.storyboard;
			sourceTree = "<group>";
		};
		C8829F1F1C297DEE00CE01AF /* LaunchScreen.storyboard */ = {
			isa = PBXVariantGroup;
			children = (
				C8829F201C297DEE00CE01AF /* Base */,
			);
			name = LaunchScreen.storyboard;
			sourceTree = "<group>";
		};
/* End PBXVariantGroup section */

/* Begin XCBuildConfiguration section */
		C8829F2E1C297DEF00CE01AF /* Debug */ = {
			isa = XCBuildConfiguration;
			buildSettings = {
				ALWAYS_SEARCH_USER_PATHS = NO;
				CLANG_CXX_LANGUAGE_STANDARD = "gnu++0x";
				CLANG_CXX_LIBRARY = "libc++";
				CLANG_ENABLE_MODULES = YES;
				CLANG_ENABLE_OBJC_ARC = YES;
				CLANG_WARN_BOOL_CONVERSION = YES;
				CLANG_WARN_CONSTANT_CONVERSION = YES;
				CLANG_WARN_DIRECT_OBJC_ISA_USAGE = YES_ERROR;
				CLANG_WARN_EMPTY_BODY = YES;
				CLANG_WARN_ENUM_CONVERSION = YES;
				CLANG_WARN_INT_CONVERSION = YES;
				CLANG_WARN_OBJC_ROOT_CLASS = YES_ERROR;
				CLANG_WARN_UNREACHABLE_CODE = YES;
				CLANG_WARN__DUPLICATE_METHOD_MATCH = YES;
				"CODE_SIGN_IDENTITY[sdk=iphoneos*]" = "iPhone Developer";
				COPY_PHASE_STRIP = NO;
				DEBUG_INFORMATION_FORMAT = dwarf;
				ENABLE_STRICT_OBJC_MSGSEND = YES;
				ENABLE_TESTABILITY = YES;
				GCC_C_LANGUAGE_STANDARD = gnu99;
				GCC_DYNAMIC_NO_PIC = NO;
				GCC_NO_COMMON_BLOCKS = YES;
				GCC_OPTIMIZATION_LEVEL = 0;
				GCC_PREPROCESSOR_DEFINITIONS = (
					"DEBUG=1",
					"$(inherited)",
				);
				GCC_WARN_64_TO_32_BIT_CONVERSION = YES;
				GCC_WARN_ABOUT_RETURN_TYPE = YES_ERROR;
				GCC_WARN_UNDECLARED_SELECTOR = YES;
				GCC_WARN_UNINITIALIZED_AUTOS = YES_AGGRESSIVE;
				GCC_WARN_UNUSED_FUNCTION = YES;
				GCC_WARN_UNUSED_VARIABLE = YES;
				IPHONEOS_DEPLOYMENT_TARGET = 9.2;
				MTL_ENABLE_DEBUG_INFO = YES;
				ONLY_ACTIVE_ARCH = YES;
				SDKROOT = iphoneos;
				TARGETED_DEVICE_FAMILY = "1,2";
			};
			name = Debug;
		};
		C8829F2F1C297DEF00CE01AF /* Release */ = {
			isa = XCBuildConfiguration;
			buildSettings = {
				ALWAYS_SEARCH_USER_PATHS = NO;
				CLANG_CXX_LANGUAGE_STANDARD = "gnu++0x";
				CLANG_CXX_LIBRARY = "libc++";
				CLANG_ENABLE_MODULES = YES;
				CLANG_ENABLE_OBJC_ARC = YES;
				CLANG_WARN_BOOL_CONVERSION = YES;
				CLANG_WARN_CONSTANT_CONVERSION = YES;
				CLANG_WARN_DIRECT_OBJC_ISA_USAGE = YES_ERROR;
				CLANG_WARN_EMPTY_BODY = YES;
				CLANG_WARN_ENUM_CONVERSION = YES;
				CLANG_WARN_INT_CONVERSION = YES;
				CLANG_WARN_OBJC_ROOT_CLASS = YES_ERROR;
				CLANG_WARN_UNREACHABLE_CODE = YES;
				CLANG_WARN__DUPLICATE_METHOD_MATCH = YES;
				"CODE_SIGN_IDENTITY[sdk=iphoneos*]" = "iPhone Developer";
				COPY_PHASE_STRIP = NO;
				DEBUG_INFORMATION_FORMAT = "dwarf-with-dsym";
				ENABLE_NS_ASSERTIONS = NO;
				ENABLE_STRICT_OBJC_MSGSEND = YES;
				GCC_C_LANGUAGE_STANDARD = gnu99;
				GCC_NO_COMMON_BLOCKS = YES;
				GCC_WARN_64_TO_32_BIT_CONVERSION = YES;
				GCC_WARN_ABOUT_RETURN_TYPE = YES_ERROR;
				GCC_WARN_UNDECLARED_SELECTOR = YES;
				GCC_WARN_UNINITIALIZED_AUTOS = YES_AGGRESSIVE;
				GCC_WARN_UNUSED_FUNCTION = YES;
				GCC_WARN_UNUSED_VARIABLE = YES;
				IPHONEOS_DEPLOYMENT_TARGET = 9.2;
				MTL_ENABLE_DEBUG_INFO = NO;
				SDKROOT = iphoneos;
				TARGETED_DEVICE_FAMILY = "1,2";
				VALIDATE_PRODUCT = YES;
			};
			name = Release;
		};
		C8829F311C297DEF00CE01AF /* Debug */ = {
			isa = XCBuildConfiguration;
			baseConfigurationReference = 29322A7720FC66F98955EF0E /* Pods-UIDeviceIdentifierObjC.debug.xcconfig */;
			buildSettings = {
				ASSETCATALOG_COMPILER_APPICON_NAME = AppIcon;
				INFOPLIST_FILE = "$(SRCROOT)/UIDeviceIdentifierObjC/Info.plist";
				LD_RUNPATH_SEARCH_PATHS = "$(inherited) @executable_path/Frameworks";
				PRODUCT_BUNDLE_IDENTIFIER = squarefrog.UIDeviceIdentifierObjC;
				PRODUCT_NAME = UIDeviceIdentifierObjC;
			};
			name = Debug;
		};
		C8829F321C297DEF00CE01AF /* Release */ = {
			isa = XCBuildConfiguration;
			baseConfigurationReference = CFF465FB8866C929CD36BB87 /* Pods-UIDeviceIdentifierObjC.release.xcconfig */;
			buildSettings = {
				ASSETCATALOG_COMPILER_APPICON_NAME = AppIcon;
				INFOPLIST_FILE = "$(SRCROOT)/UIDeviceIdentifierObjC/Info.plist";
				LD_RUNPATH_SEARCH_PATHS = "$(inherited) @executable_path/Frameworks";
				PRODUCT_BUNDLE_IDENTIFIER = squarefrog.UIDeviceIdentifierObjC;
				PRODUCT_NAME = UIDeviceIdentifierObjC;
			};
			name = Release;
		};
		C8829F341C297DEF00CE01AF /* Debug */ = {
			isa = XCBuildConfiguration;
			buildSettings = {
				BUNDLE_LOADER = "$(TEST_HOST)";
				INFOPLIST_FILE = UIDeviceIdentifierTests/Info.plist;
				LD_RUNPATH_SEARCH_PATHS = "$(inherited) @executable_path/Frameworks @loader_path/Frameworks";
				PRODUCT_BUNDLE_IDENTIFIER = squarefrog.UIDeviceIdentifierTests;
				PRODUCT_NAME = UIDeviceIdentifierObjC;
				TEST_HOST = "$(BUILT_PRODUCTS_DIR)/UIDeviceIdentifierObjC.app/UIDeviceIdentifierObjC";
			};
			name = Debug;
		};
		C8829F351C297DEF00CE01AF /* Release */ = {
			isa = XCBuildConfiguration;
			buildSettings = {
				BUNDLE_LOADER = "$(TEST_HOST)";
				INFOPLIST_FILE = UIDeviceIdentifierTests/Info.plist;
				LD_RUNPATH_SEARCH_PATHS = "$(inherited) @executable_path/Frameworks @loader_path/Frameworks";
				PRODUCT_BUNDLE_IDENTIFIER = squarefrog.UIDeviceIdentifierTests;
				PRODUCT_NAME = UIDeviceIdentifierObjC;
				TEST_HOST = "$(BUILT_PRODUCTS_DIR)/UIDeviceIdentifierObjC.app/UIDeviceIdentifierObjC";
			};
			name = Release;
		};
/* End XCBuildConfiguration section */

/* Begin XCConfigurationList section */
		C8829F091C297DEE00CE01AF /* Build configuration list for PBXProject "UIDeviceIdentifierObjC" */ = {
			isa = XCConfigurationList;
			buildConfigurations = (
				C8829F2E1C297DEF00CE01AF /* Debug */,
				C8829F2F1C297DEF00CE01AF /* Release */,
			);
			defaultConfigurationIsVisible = 0;
			defaultConfigurationName = Release;
		};
		C8829F301C297DEF00CE01AF /* Build configuration list for PBXNativeTarget "UIDeviceIdentifierObjC" */ = {
			isa = XCConfigurationList;
			buildConfigurations = (
				C8829F311C297DEF00CE01AF /* Debug */,
				C8829F321C297DEF00CE01AF /* Release */,
			);
			defaultConfigurationIsVisible = 0;
			defaultConfigurationName = Release;
		};
		C8829F331C297DEF00CE01AF /* Build configuration list for PBXNativeTarget "UIDeviceIdentifierObjCTests" */ = {
			isa = XCConfigurationList;
			buildConfigurations = (
				C8829F341C297DEF00CE01AF /* Debug */,
				C8829F351C297DEF00CE01AF /* Release */,
			);
			defaultConfigurationIsVisible = 0;
			defaultConfigurationName = Release;
		};
/* End XCConfigurationList section */
	};
	rootObject = C8829F061C297DEE00CE01AF /* Project object */;
}
